
Microsoft Visual Studio Solution File, Format Version 12.00
# Visual Studio 14
VisualStudioVersion = 14.0.25420.1
MinimumVisualStudioVersion = 10.0.40219.1
Project("{FAE04EC0-301F-11D3-BF4B-00C04F79EFBC}") = "Scheduler", "ReviewMe\Scheduler.csproj", "{4484FBAB-7B82-4138-82B3-5DDC9FE85ECA}"
EndProject
Project("{00D1A9C2-B5F0-4AF3-8072-F6C62B433612}") = "Database", "Database\Database.sqlproj", "{7948F970-0024-457E-B54C-50046B309441}"
EndProject
Project("{FAE04EC0-301F-11D3-BF4B-00C04F79EFBC}") = "Infrastructure", "Infrastructure\Infrastructure.csproj", "{3B3FD1BC-CDC3-46D5-B598-592A00288D53}"
EndProject
Project("{FAE04EC0-301F-11D3-BF4B-00C04F79EFBC}") = "Scheduler.Tests", "Scheduler.Tests\Scheduler.Tests.csproj", "{BF5F0A15-4EB8-46AA-8BEF-064F631D34C8}"
EndProject
Global
	GlobalSection(SolutionConfigurationPlatforms) = preSolution
		Debug|Any CPU = Debug|Any CPU
		Release|Any CPU = Release|Any CPU
	EndGlobalSection
	GlobalSection(ProjectConfigurationPlatforms) = postSolution
		{4484FBAB-7B82-4138-82B3-5DDC9FE85ECA}.Debug|Any CPU.ActiveCfg = Debug|Any CPU
		{4484FBAB-7B82-4138-82B3-5DDC9FE85ECA}.Debug|Any CPU.Build.0 = Debug|Any CPU
		{4484FBAB-7B82-4138-82B3-5DDC9FE85ECA}.Release|Any CPU.ActiveCfg = Release|Any CPU
		{4484FBAB-7B82-4138-82B3-5DDC9FE85ECA}.Release|Any CPU.Build.0 = Release|Any CPU
		{7948F970-0024-457E-B54C-50046B309441}.Debug|Any CPU.ActiveCfg = Debug|Any CPU
		{7948F970-0024-457E-B54C-50046B309441}.Debug|Any CPU.Build.0 = Debug|Any CPU
		{7948F970-0024-457E-B54C-50046B309441}.Debug|Any CPU.Deploy.0 = Debug|Any CPU
		{7948F970-0024-457E-B54C-50046B309441}.Release|Any CPU.ActiveCfg = Release|Any CPU
		{7948F970-0024-457E-B54C-50046B309441}.Release|Any CPU.Build.0 = Release|Any CPU
		{7948F970-0024-457E-B54C-50046B309441}.Release|Any CPU.Deploy.0 = Release|Any CPU
		{3B3FD1BC-CDC3-46D5-B598-592A00288D53}.Debug|Any CPU.ActiveCfg = Debug|Any CPU
		{3B3FD1BC-CDC3-46D5-B598-592A00288D53}.Debug|Any CPU.Build.0 = Debug|Any CPU
		{3B3FD1BC-CDC3-46D5-B598-592A00288D53}.Release|Any CPU.ActiveCfg = Release|Any CPU
		{3B3FD1BC-CDC3-46D5-B598-592A00288D53}.Release|Any CPU.Build.0 = Release|Any CPU
		{BF5F0A15-4EB8-46AA-8BEF-064F631D34C8}.Debug|Any CPU.ActiveCfg = Debug|Any CPU
		{BF5F0A15-4EB8-46AA-8BEF-064F631D34C8}.Debug|Any CPU.Build.0 = Debug|Any CPU
		{BF5F0A15-4EB8-46AA-8BEF-064F631D34C8}.Release|Any CPU.ActiveCfg = Release|Any CPU
		{BF5F0A15-4EB8-46AA-8BEF-064F631D34C8}.Release|Any CPU.Build.0 = Release|Any CPU
	EndGlobalSection
	GlobalSection(SolutionProperties) = preSolution
		HideSolutionNode = FALSE
	EndGlobalSection
	GlobalSection(ExtensibilityGlobals) = postSolution
		EnterpriseLibraryConfigurationToolBinariesPathV6 = packages\EnterpriseLibrary.Common.6.0.1304.0\lib\NET45;packages\EnterpriseLibrary.Data.6.0.1304.0\lib\NET45
	EndGlobalSection
EndGlobal
